
Microsoft Visual Studio Solution File, Format Version 12.00
# Visual Studio Version 16
VisualStudioVersion = 16.0.31321.278
MinimumVisualStudioVersion = 10.0.40219.1
Project("{FAE04EC0-301F-11D3-BF4B-00C04F79EFBC}") = "lab_3_new", "lab_3_new.csproj", "{A23217A9-8960-4827-869C-01F637F4643A}"
EndProject
Global
	GlobalSection(SolutionConfigurationPlatforms) = preSolution
		Debug|Any CPU = Debug|Any CPU
		Release|Any CPU = Release|Any CPU
	EndGlobalSection
	GlobalSection(ProjectConfigurationPlatforms) = postSolution
		{A23217A9-8960-4827-869C-01F637F4643A}.Debug|Any CPU.ActiveCfg = Debug|Any CPU
		{A23217A9-8960-4827-869C-01F637F4643A}.Debug|Any CPU.Build.0 = Debug|Any CPU
		{A23217A9-8960-4827-869C-01F637F4643A}.Release|Any CPU.ActiveCfg = Release|Any CPU
		{A23217A9-8960-4827-869C-01F637F4643A}.Release|Any CPU.Build.0 = Release|Any CPU
	EndGlobalSection
	GlobalSection(SolutionProperties) = preSolution
		HideSolutionNode = FALSE
	EndGlobalSection
	GlobalSection(ExtensibilityGlobals) = postSolution
		SolutionGuid = {8F29E21F-D0B0-4161-AB9B-75F709EDAD5B}
	EndGlobalSection
EndGlobal
